
Microsoft Visual Studio Solution File, Format Version 12.00
# Visual Studio Version 17
VisualStudioVersion = 17.0.32112.339
MinimumVisualStudioVersion = 10.0.40219.1
Project("{FAE04EC0-301F-11D3-BF4B-00C04F79EFBC}") = "RecordingDisksInTheList", "RecordingDisksInTheList\RecordingDisksInTheList.csproj", "{76D2BD15-0ADF-4822-98E8-4596A7BB7FDE}"
EndProject
Global
	GlobalSection(SolutionConfigurationPlatforms) = preSolution
		Debug|Any CPU = Debug|Any CPU
		Release|Any CPU = Release|Any CPU
	EndGlobalSection
	GlobalSection(ProjectConfigurationPlatforms) = postSolution
		{76D2BD15-0ADF-4822-98E8-4596A7BB7FDE}.Debug|Any CPU.ActiveCfg = Debug|Any CPU
		{76D2BD15-0ADF-4822-98E8-4596A7BB7FDE}.Debug|Any CPU.Build.0 = Debug|Any CPU
		{76D2BD15-0ADF-4822-98E8-4596A7BB7FDE}.Release|Any CPU.ActiveCfg = Release|Any CPU
		{76D2BD15-0ADF-4822-98E8-4596A7BB7FDE}.Release|Any CPU.Build.0 = Release|Any CPU
	EndGlobalSection
	GlobalSection(SolutionProperties) = preSolution
		HideSolutionNode = FALSE
	EndGlobalSection
	GlobalSection(ExtensibilityGlobals) = postSolution
		SolutionGuid = {87A52112-A640-47A6-9B84-0DE3C4BF8711}
	EndGlobalSection
EndGlobal
